
Microsoft Visual Studio Solution File, Format Version 12.00
# Visual Studio Version 17
VisualStudioVersion = 17.4.33110.190
MinimumVisualStudioVersion = 10.0.40219.1
Project("{FAE04EC0-301F-11D3-BF4B-00C04F79EFBC}") = "LinkerList2", "LinkerList2.csproj", "{80C2A07A-317B-44F9-8A5A-158AE670BBCF}"
EndProject
Global
	GlobalSection(SolutionConfigurationPlatforms) = preSolution
		Debug|Any CPU = Debug|Any CPU
		Release|Any CPU = Release|Any CPU
	EndGlobalSection
	GlobalSection(ProjectConfigurationPlatforms) = postSolution
		{80C2A07A-317B-44F9-8A5A-158AE670BBCF}.Debug|Any CPU.ActiveCfg = Debug|Any CPU
		{80C2A07A-317B-44F9-8A5A-158AE670BBCF}.Debug|Any CPU.Build.0 = Debug|Any CPU
		{80C2A07A-317B-44F9-8A5A-158AE670BBCF}.Release|Any CPU.ActiveCfg = Release|Any CPU
		{80C2A07A-317B-44F9-8A5A-158AE670BBCF}.Release|Any CPU.Build.0 = Release|Any CPU
	EndGlobalSection
	GlobalSection(SolutionProperties) = preSolution
		HideSolutionNode = FALSE
	EndGlobalSection
	GlobalSection(ExtensibilityGlobals) = postSolution
		SolutionGuid = {C0F00217-8585-4F01-9418-679C7E8CEC7A}
	EndGlobalSection
EndGlobal
